
Microsoft Visual Studio Solution File, Format Version 12.00
# Visual Studio 14
VisualStudioVersion = 14.0.25420.1
MinimumVisualStudioVersion = 10.0.40219.1
Project("{FAE04EC0-301F-11D3-BF4B-00C04F79EFBC}") = "ExamAWSAD2", "ExamAWSAD2\ExamAWSAD2.csproj", "{76931CBF-A9F8-479C-8CBD-E8B7898DBD92}"
EndProject
Project("{FAE04EC0-301F-11D3-BF4B-00C04F79EFBC}") = "BackgroundTaskInternet", "BackgroundTaskInternet\BackgroundTaskInternet.csproj", "{3EAEA4B8-50BA-40F9-9773-9739F9748BD7}"
EndProject
Global
	GlobalSection(SolutionConfigurationPlatforms) = preSolution
		Debug|Any CPU = Debug|Any CPU
		Debug|ARM = Debug|ARM
		Debug|x64 = Debug|x64
		Debug|x86 = Debug|x86
		Release|Any CPU = Release|Any CPU
		Release|ARM = Release|ARM
		Release|x64 = Release|x64
		Release|x86 = Release|x86
	EndGlobalSection
	GlobalSection(ProjectConfigurationPlatforms) = postSolution
		{76931CBF-A9F8-479C-8CBD-E8B7898DBD92}.Debug|Any CPU.ActiveCfg = Debug|Any CPU
		{76931CBF-A9F8-479C-8CBD-E8B7898DBD92}.Debug|Any CPU.Build.0 = Debug|Any CPU
		{76931CBF-A9F8-479C-8CBD-E8B7898DBD92}.Debug|Any CPU.Deploy.0 = Debug|Any CPU
		{76931CBF-A9F8-479C-8CBD-E8B7898DBD92}.Debug|ARM.ActiveCfg = Debug|ARM
		{76931CBF-A9F8-479C-8CBD-E8B7898DBD92}.Debug|ARM.Build.0 = Debug|ARM
		{76931CBF-A9F8-479C-8CBD-E8B7898DBD92}.Debug|ARM.Deploy.0 = Debug|ARM
		{76931CBF-A9F8-479C-8CBD-E8B7898DBD92}.Debug|x64.ActiveCfg = Debug|x64
		{76931CBF-A9F8-479C-8CBD-E8B7898DBD92}.Debug|x64.Build.0 = Debug|x64
		{76931CBF-A9F8-479C-8CBD-E8B7898DBD92}.Debug|x64.Deploy.0 = Debug|x64
		{76931CBF-A9F8-479C-8CBD-E8B7898DBD92}.Debug|x86.ActiveCfg = Debug|x86
		{76931CBF-A9F8-479C-8CBD-E8B7898DBD92}.Debug|x86.Build.0 = Debug|x86
		{76931CBF-A9F8-479C-8CBD-E8B7898DBD92}.Debug|x86.Deploy.0 = Debug|x86
		{76931CBF-A9F8-479C-8CBD-E8B7898DBD92}.Release|Any CPU.ActiveCfg = Release|Any CPU
		{76931CBF-A9F8-479C-8CBD-E8B7898DBD92}.Release|Any CPU.Build.0 = Release|Any CPU
		{76931CBF-A9F8-479C-8CBD-E8B7898DBD92}.Release|Any CPU.Deploy.0 = Release|Any CPU
		{76931CBF-A9F8-479C-8CBD-E8B7898DBD92}.Release|ARM.ActiveCfg = Release|ARM
		{76931CBF-A9F8-479C-8CBD-E8B7898DBD92}.Release|ARM.Build.0 = Release|ARM
		{76931CBF-A9F8-479C-8CBD-E8B7898DBD92}.Release|ARM.Deploy.0 = Release|ARM
		{76931CBF-A9F8-479C-8CBD-E8B7898DBD92}.Release|x64.ActiveCfg = Release|x64
		{76931CBF-A9F8-479C-8CBD-E8B7898DBD92}.Release|x64.Build.0 = Release|x64
		{76931CBF-A9F8-479C-8CBD-E8B7898DBD92}.Release|x64.Deploy.0 = Release|x64
		{76931CBF-A9F8-479C-8CBD-E8B7898DBD92}.Release|x86.ActiveCfg = Release|x86
		{76931CBF-A9F8-479C-8CBD-E8B7898DBD92}.Release|x86.Build.0 = Release|x86
		{76931CBF-A9F8-479C-8CBD-E8B7898DBD92}.Release|x86.Deploy.0 = Release|x86
		{3EAEA4B8-50BA-40F9-9773-9739F9748BD7}.Debug|Any CPU.ActiveCfg = Debug|Any CPU
		{3EAEA4B8-50BA-40F9-9773-9739F9748BD7}.Debug|Any CPU.Build.0 = Debug|Any CPU
		{3EAEA4B8-50BA-40F9-9773-9739F9748BD7}.Debug|ARM.ActiveCfg = Debug|ARM
		{3EAEA4B8-50BA-40F9-9773-9739F9748BD7}.Debug|ARM.Build.0 = Debug|ARM
		{3EAEA4B8-50BA-40F9-9773-9739F9748BD7}.Debug|x64.ActiveCfg = Debug|x64
		{3EAEA4B8-50BA-40F9-9773-9739F9748BD7}.Debug|x64.Build.0 = Debug|x64
		{3EAEA4B8-50BA-40F9-9773-9739F9748BD7}.Debug|x86.ActiveCfg = Debug|x86
		{3EAEA4B8-50BA-40F9-9773-9739F9748BD7}.Debug|x86.Build.0 = Debug|x86
		{3EAEA4B8-50BA-40F9-9773-9739F9748BD7}.Release|Any CPU.ActiveCfg = Release|Any CPU
		{3EAEA4B8-50BA-40F9-9773-9739F9748BD7}.Release|Any CPU.Build.0 = Release|Any CPU
		{3EAEA4B8-50BA-40F9-9773-9739F9748BD7}.Release|ARM.ActiveCfg = Release|ARM
		{3EAEA4B8-50BA-40F9-9773-9739F9748BD7}.Release|ARM.Build.0 = Release|ARM
		{3EAEA4B8-50BA-40F9-9773-9739F9748BD7}.Release|x64.ActiveCfg = Release|x64
		{3EAEA4B8-50BA-40F9-9773-9739F9748BD7}.Release|x64.Build.0 = Release|x64
		{3EAEA4B8-50BA-40F9-9773-9739F9748BD7}.Release|x86.ActiveCfg = Release|x86
		{3EAEA4B8-50BA-40F9-9773-9739F9748BD7}.Release|x86.Build.0 = Release|x86
	EndGlobalSection
	GlobalSection(SolutionProperties) = preSolution
		HideSolutionNode = FALSE
	EndGlobalSection
EndGlobal
